
Microsoft Visual Studio Solution File, Format Version 12.00
# Visual Studio Version 17
VisualStudioVersion = 17.11.35327.3
MinimumVisualStudioVersion = 10.0.40219.1
Project("{9A19103F-16F7-4668-BE54-9A1E7A4F7556}") = "EclipseWorksChallenge", "EclipseWorksChallenge\EclipseWorksChallenge.csproj", "{8A134249-1B07-4EC5-91CA-36D6A8FE4A6C}"
EndProject
Project("{9A19103F-16F7-4668-BE54-9A1E7A4F7556}") = "MyTests", "MyTests\MyTests.csproj", "{0FAB074E-9B69-416B-A8A2-65EE4567A399}"
EndProject
Project("{2150E333-8FDC-42A3-9474-1A3956D46DE8}") = "src", "src", "{C5C77645-184E-4A08-9337-1D90F6820237}"
EndProject
Project("{2150E333-8FDC-42A3-9474-1A3956D46DE8}") = "Application", "Application", "{F8DAEC79-7B9A-4D8B-93B9-FB4F6F12DBAA}"
EndProject
Project("{2150E333-8FDC-42A3-9474-1A3956D46DE8}") = "Infrastructure", "Infrastructure", "{66008CF1-F943-4241-8492-4F7AF8C30D3B}"
EndProject
Project("{2150E333-8FDC-42A3-9474-1A3956D46DE8}") = "Web", "Web", "{DDB2DDE0-B819-42C6-8456-C261803FC909}"
EndProject
Project("{2150E333-8FDC-42A3-9474-1A3956D46DE8}") = "tests", "tests", "{4402065B-DE07-497A-94D5-8F86C50FF82E}"
EndProject
Project("{FAE04EC0-301F-11D3-BF4B-00C04F79EFBC}") = "Application", "ApplicationCore\Application.csproj", "{91D6E7BB-CF18-4438-BF0E-42ABE0699165}"
EndProject
Project("{FAE04EC0-301F-11D3-BF4B-00C04F79EFBC}") = "Infrastructure", "Infrastructure\Infrastructure.csproj", "{F5482059-50A5-4DEA-B965-8A97CE061673}"
EndProject
Project("{2150E333-8FDC-42A3-9474-1A3956D46DE8}") = "Domain", "Domain", "{900450FC-FB1C-4EA0-84A0-7531A63B4212}"
EndProject
Project("{FAE04EC0-301F-11D3-BF4B-00C04F79EFBC}") = "Domain", "Domain\Domain.csproj", "{6FCA10B9-6A8E-4DD6-A781-7EF907CA261A}"
EndProject
Global
	GlobalSection(SolutionConfigurationPlatforms) = preSolution
		Debug|Any CPU = Debug|Any CPU
		Release|Any CPU = Release|Any CPU
	EndGlobalSection
	GlobalSection(ProjectConfigurationPlatforms) = postSolution
		{8A134249-1B07-4EC5-91CA-36D6A8FE4A6C}.Debug|Any CPU.ActiveCfg = Debug|Any CPU
		{8A134249-1B07-4EC5-91CA-36D6A8FE4A6C}.Debug|Any CPU.Build.0 = Debug|Any CPU
		{8A134249-1B07-4EC5-91CA-36D6A8FE4A6C}.Release|Any CPU.ActiveCfg = Release|Any CPU
		{8A134249-1B07-4EC5-91CA-36D6A8FE4A6C}.Release|Any CPU.Build.0 = Release|Any CPU
		{0FAB074E-9B69-416B-A8A2-65EE4567A399}.Debug|Any CPU.ActiveCfg = Debug|Any CPU
		{0FAB074E-9B69-416B-A8A2-65EE4567A399}.Debug|Any CPU.Build.0 = Debug|Any CPU
		{0FAB074E-9B69-416B-A8A2-65EE4567A399}.Release|Any CPU.ActiveCfg = Release|Any CPU
		{0FAB074E-9B69-416B-A8A2-65EE4567A399}.Release|Any CPU.Build.0 = Release|Any CPU
		{91D6E7BB-CF18-4438-BF0E-42ABE0699165}.Debug|Any CPU.ActiveCfg = Debug|Any CPU
		{91D6E7BB-CF18-4438-BF0E-42ABE0699165}.Debug|Any CPU.Build.0 = Debug|Any CPU
		{91D6E7BB-CF18-4438-BF0E-42ABE0699165}.Release|Any CPU.ActiveCfg = Release|Any CPU
		{91D6E7BB-CF18-4438-BF0E-42ABE0699165}.Release|Any CPU.Build.0 = Release|Any CPU
		{F5482059-50A5-4DEA-B965-8A97CE061673}.Debug|Any CPU.ActiveCfg = Debug|Any CPU
		{F5482059-50A5-4DEA-B965-8A97CE061673}.Debug|Any CPU.Build.0 = Debug|Any CPU
		{F5482059-50A5-4DEA-B965-8A97CE061673}.Release|Any CPU.ActiveCfg = Release|Any CPU
		{F5482059-50A5-4DEA-B965-8A97CE061673}.Release|Any CPU.Build.0 = Release|Any CPU
		{6FCA10B9-6A8E-4DD6-A781-7EF907CA261A}.Debug|Any CPU.ActiveCfg = Debug|Any CPU
		{6FCA10B9-6A8E-4DD6-A781-7EF907CA261A}.Debug|Any CPU.Build.0 = Debug|Any CPU
		{6FCA10B9-6A8E-4DD6-A781-7EF907CA261A}.Release|Any CPU.ActiveCfg = Release|Any CPU
		{6FCA10B9-6A8E-4DD6-A781-7EF907CA261A}.Release|Any CPU.Build.0 = Release|Any CPU
	EndGlobalSection
	GlobalSection(SolutionProperties) = preSolution
		HideSolutionNode = FALSE
	EndGlobalSection
	GlobalSection(NestedProjects) = preSolution
		{8A134249-1B07-4EC5-91CA-36D6A8FE4A6C} = {DDB2DDE0-B819-42C6-8456-C261803FC909}
		{0FAB074E-9B69-416B-A8A2-65EE4567A399} = {4402065B-DE07-497A-94D5-8F86C50FF82E}
		{F8DAEC79-7B9A-4D8B-93B9-FB4F6F12DBAA} = {C5C77645-184E-4A08-9337-1D90F6820237}
		{66008CF1-F943-4241-8492-4F7AF8C30D3B} = {C5C77645-184E-4A08-9337-1D90F6820237}
		{DDB2DDE0-B819-42C6-8456-C261803FC909} = {C5C77645-184E-4A08-9337-1D90F6820237}
		{91D6E7BB-CF18-4438-BF0E-42ABE0699165} = {F8DAEC79-7B9A-4D8B-93B9-FB4F6F12DBAA}
		{F5482059-50A5-4DEA-B965-8A97CE061673} = {66008CF1-F943-4241-8492-4F7AF8C30D3B}
		{900450FC-FB1C-4EA0-84A0-7531A63B4212} = {C5C77645-184E-4A08-9337-1D90F6820237}
		{6FCA10B9-6A8E-4DD6-A781-7EF907CA261A} = {900450FC-FB1C-4EA0-84A0-7531A63B4212}
	EndGlobalSection
	GlobalSection(ExtensibilityGlobals) = postSolution
		SolutionGuid = {DAE85133-41FA-4069-BF96-1616A86AF4B1}
	EndGlobalSection
EndGlobal
